// !$*UTF8*$!
{
	archiveVersion = 1;
	classes = {
	};
	objectVersion = 50;
	objects = {

/* Begin PBXBuildFile section */
		2317EFE22152C5CF0055E71E /* MenuOptionCell.swift in Sources */ = {isa = PBXBuildFile; fileRef = 2317EFE12152C5CF0055E71E /* MenuOptionCell.swift */; };
		2317EFE52152D3890055E71E /* LoginController.swift in Sources */ = {isa = PBXBuildFile; fileRef = 2317EFE42152D3890055E71E /* LoginController.swift */; };
		2317EFE72152D3970055E71E /* SignUpController.swift in Sources */ = {isa = PBXBuildFile; fileRef = 2317EFE62152D3970055E71E /* SignUpController.swift */; };
		2317EFE92152DB310055E71E /* ItemCell.swift in Sources */ = {isa = PBXBuildFile; fileRef = 2317EFE82152DB310055E71E /* ItemCell.swift */; };
		2317EFEB2152DBBD0055E71E /* HomeHeader.swift in Sources */ = {isa = PBXBuildFile; fileRef = 2317EFEA2152DBBD0055E71E /* HomeHeader.swift */; };
		2317EFED2152DD4D0055E71E /* Item.swift in Sources */ = {isa = PBXBuildFile; fileRef = 2317EFEC2152DD4D0055E71E /* Item.swift */; };
		232B747821529F28006F65A2 /* MenuController.swift in Sources */ = {isa = PBXBuildFile; fileRef = 232B747721529F28006F65A2 /* MenuController.swift */; };
		232B747A21529FA8006F65A2 /* Extensions.swift in Sources */ = {isa = PBXBuildFile; fileRef = 232B747921529FA8006F65A2 /* Extensions.swift */; };
		23851748215293A20055F4DE /* AppDelegate.swift in Sources */ = {isa = PBXBuildFile; fileRef = 23851747215293A20055F4DE /* AppDelegate.swift */; };
		2385174D215293A20055F4DE /* Main.storyboard in Resources */ = {isa = PBXBuildFile; fileRef = 2385174B215293A20055F4DE /* Main.storyboard */; };
		2385174F215293A40055F4DE /* Assets.xcassets in Resources */ = {isa = PBXBuildFile; fileRef = 2385174E215293A40055F4DE /* Assets.xcassets */; };
		23851752215293A40055F4DE /* LaunchScreen.storyboard in Resources */ = {isa = PBXBuildFile; fileRef = 23851750215293A40055F4DE /* LaunchScreen.storyboard */; };
		2385175E215296D70055F4DE /* HomeController.swift in Sources */ = {isa = PBXBuildFile; fileRef = 2385175D215296D70055F4DE /* HomeController.swift */; };
		23851760215298BB0055F4DE /* MenuOptions.swift in Sources */ = {isa = PBXBuildFile; fileRef = 2385175F215298BB0055F4DE /* MenuOptions.swift */; };
		23851762215299130055F4DE /* Protocols.swift in Sources */ = {isa = PBXBuildFile; fileRef = 23851761215299130055F4DE /* Protocols.swift */; };
		2385176421529CFD0055F4DE /* ContainerController.swift in Sources */ = {isa = PBXBuildFile; fileRef = 2385176321529CFD0055F4DE /* ContainerController.swift */; };
		23DDB2D62153F51D0096E43F /* Constants.swift in Sources */ = {isa = PBXBuildFile; fileRef = 23DDB2D52153F51D0096E43F /* Constants.swift */; };
		23DDB2D821542BCF0096E43F /* ProfileController.swift in Sources */ = {isa = PBXBuildFile; fileRef = 23DDB2D721542BCF0096E43F /* ProfileController.swift */; };
		23DDB2E121544C6E0096E43F /* ProfileOptionCell.swift in Sources */ = {isa = PBXBuildFile; fileRef = 23DDB2E021544C6E0096E43F /* ProfileOptionCell.swift */; };
		23DDB2E321544CC60096E43F /* ProfileOptions.swift in Sources */ = {isa = PBXBuildFile; fileRef = 23DDB2E221544CC60096E43F /* ProfileOptions.swift */; };
		23DDB2E521557C3B0096E43F /* ItemDetailController.swift in Sources */ = {isa = PBXBuildFile; fileRef = 23DDB2E421557C3B0096E43F /* ItemDetailController.swift */; };
		23DDB2E7215580150096E43F /* ItemDetailCell.swift in Sources */ = {isa = PBXBuildFile; fileRef = 23DDB2E6215580150096E43F /* ItemDetailCell.swift */; };
		23DDB2E921592BFC0096E43F /* SizeOptions.swift in Sources */ = {isa = PBXBuildFile; fileRef = 23DDB2E821592BFC0096E43F /* SizeOptions.swift */; };
		23DDB2EC215977010096E43F /* CartController.swift in Sources */ = {isa = PBXBuildFile; fileRef = 23DDB2EB215977010096E43F /* CartController.swift */; };
/* End PBXBuildFile section */

/* Begin PBXFileReference section */
		2317EFE12152C5CF0055E71E /* MenuOptionCell.swift */ = {isa = PBXFileReference; lastKnownFileType = sourcecode.swift; path = MenuOptionCell.swift; sourceTree = "<group>"; };
		2317EFE42152D3890055E71E /* LoginController.swift */ = {isa = PBXFileReference; lastKnownFileType = sourcecode.swift; path = LoginController.swift; sourceTree = "<group>"; };
		2317EFE62152D3970055E71E /* SignUpController.swift */ = {isa = PBXFileReference; lastKnownFileType = sourcecode.swift; path = SignUpController.swift; sourceTree = "<group>"; };
		2317EFE82152DB310055E71E /* ItemCell.swift */ = {isa = PBXFileReference; lastKnownFileType = sourcecode.swift; path = ItemCell.swift; sourceTree = "<group>"; };
		2317EFEA2152DBBD0055E71E /* HomeHeader.swift */ = {isa = PBXFileReference; lastKnownFileType = sourcecode.swift; path = HomeHeader.swift; sourceTree = "<group>"; };
		2317EFEC2152DD4D0055E71E /* Item.swift */ = {isa = PBXFileReference; lastKnownFileType = sourcecode.swift; path = Item.swift; sourceTree = "<group>"; };
		232B747721529F28006F65A2 /* MenuController.swift */ = {isa = PBXFileReference; lastKnownFileType = sourcecode.swift; path = MenuController.swift; sourceTree = "<group>"; };
		232B747921529FA8006F65A2 /* Extensions.swift */ = {isa = PBXFileReference; lastKnownFileType = sourcecode.swift; path = Extensions.swift; sourceTree = "<group>"; };
		23851744215293A20055F4DE /* ProfoundCo.app */ = {isa = PBXFileReference; explicitFileType = wrapper.application; includeInIndex = 0; path = ProfoundCo.app; sourceTree = BUILT_PRODUCTS_DIR; };
		23851747215293A20055F4DE /* AppDelegate.swift */ = {isa = PBXFileReference; lastKnownFileType = sourcecode.swift; path = AppDelegate.swift; sourceTree = "<group>"; };
		2385174C215293A20055F4DE /* Base */ = {isa = PBXFileReference; lastKnownFileType = file.storyboard; name = Base; path = Base.lproj/Main.storyboard; sourceTree = "<group>"; };
		2385174E215293A40055F4DE /* Assets.xcassets */ = {isa = PBXFileReference; lastKnownFileType = folder.assetcatalog; path = Assets.xcassets; sourceTree = "<group>"; };
		23851751215293A40055F4DE /* Base */ = {isa = PBXFileReference; lastKnownFileType = file.storyboard; name = Base; path = Base.lproj/LaunchScreen.storyboard; sourceTree = "<group>"; };
		23851753215293A40055F4DE /* Info.plist */ = {isa = PBXFileReference; lastKnownFileType = text.plist.xml; path = Info.plist; sourceTree = "<group>"; };
		2385175D215296D70055F4DE /* HomeController.swift */ = {isa = PBXFileReference; lastKnownFileType = sourcecode.swift; path = HomeController.swift; sourceTree = "<group>"; };
		2385175F215298BB0055F4DE /* MenuOptions.swift */ = {isa = PBXFileReference; lastKnownFileType = sourcecode.swift; path = MenuOptions.swift; sourceTree = "<group>"; };
		23851761215299130055F4DE /* Protocols.swift */ = {isa = PBXFileReference; lastKnownFileType = sourcecode.swift; path = Protocols.swift; sourceTree = "<group>"; };
		2385176321529CFD0055F4DE /* ContainerController.swift */ = {isa = PBXFileReference; lastKnownFileType = sourcecode.swift; path = ContainerController.swift; sourceTree = "<group>"; };
		23DDB2D52153F51D0096E43F /* Constants.swift */ = {isa = PBXFileReference; lastKnownFileType = sourcecode.swift; path = Constants.swift; sourceTree = "<group>"; };
		23DDB2D721542BCF0096E43F /* ProfileController.swift */ = {isa = PBXFileReference; lastKnownFileType = sourcecode.swift; path = ProfileController.swift; sourceTree = "<group>"; };
		23DDB2E021544C6E0096E43F /* ProfileOptionCell.swift */ = {isa = PBXFileReference; lastKnownFileType = sourcecode.swift; path = ProfileOptionCell.swift; sourceTree = "<group>"; };
		23DDB2E221544CC60096E43F /* ProfileOptions.swift */ = {isa = PBXFileReference; lastKnownFileType = sourcecode.swift; path = ProfileOptions.swift; sourceTree = "<group>"; };
		23DDB2E421557C3B0096E43F /* ItemDetailController.swift */ = {isa = PBXFileReference; lastKnownFileType = sourcecode.swift; path = ItemDetailController.swift; sourceTree = "<group>"; };
		23DDB2E6215580150096E43F /* ItemDetailCell.swift */ = {isa = PBXFileReference; lastKnownFileType = sourcecode.swift; path = ItemDetailCell.swift; sourceTree = "<group>"; };
		23DDB2E821592BFC0096E43F /* SizeOptions.swift */ = {isa = PBXFileReference; lastKnownFileType = sourcecode.swift; path = SizeOptions.swift; sourceTree = "<group>"; };
		23DDB2EB215977010096E43F /* CartController.swift */ = {isa = PBXFileReference; lastKnownFileType = sourcecode.swift; path = CartController.swift; sourceTree = "<group>"; };
/* End PBXFileReference section */

/* Begin PBXFrameworksBuildPhase section */
		23851741215293A20055F4DE /* Frameworks */ = {
			isa = PBXFrameworksBuildPhase;
			buildActionMask = 2147483647;
			files = (
			);
			runOnlyForDeploymentPostprocessing = 0;
		};
/* End PBXFrameworksBuildPhase section */

/* Begin PBXGroup section */
		2317EFE32152D3750055E71E /* Login */ = {
			isa = PBXGroup;
			children = (
				2317EFE42152D3890055E71E /* LoginController.swift */,
				2317EFE62152D3970055E71E /* SignUpController.swift */,
			);
			path = Login;
			sourceTree = "<group>";
		};
		2385173B215293A20055F4DE = {
			isa = PBXGroup;
			children = (
				23851746215293A20055F4DE /* ProfoundCo */,
				23851745215293A20055F4DE /* Products */,
			);
			sourceTree = "<group>";
		};
		23851745215293A20055F4DE /* Products */ = {
			isa = PBXGroup;
			children = (
				23851744215293A20055F4DE /* ProfoundCo.app */,
			);
			name = Products;
			sourceTree = "<group>";
		};
		23851746215293A20055F4DE /* ProfoundCo */ = {
			isa = PBXGroup;
			children = (
				2385175C215293F10055F4DE /* Utils */,
				2385175B215293E40055F4DE /* Model */,
				2385175A215293E10055F4DE /* View */,
				23851759215293DE0055F4DE /* Controller */,
				23851747215293A20055F4DE /* AppDelegate.swift */,
				2385174B215293A20055F4DE /* Main.storyboard */,
				2385174E215293A40055F4DE /* Assets.xcassets */,
				23851750215293A40055F4DE /* LaunchScreen.storyboard */,
				23851753215293A40055F4DE /* Info.plist */,
			);
			path = ProfoundCo;
			sourceTree = "<group>";
		};
		23851759215293DE0055F4DE /* Controller */ = {
			isa = PBXGroup;
			children = (
				2317EFE32152D3750055E71E /* Login */,
				2385175D215296D70055F4DE /* HomeController.swift */,
				2385176321529CFD0055F4DE /* ContainerController.swift */,
				232B747721529F28006F65A2 /* MenuController.swift */,
				23DDB2D721542BCF0096E43F /* ProfileController.swift */,
				23DDB2E421557C3B0096E43F /* ItemDetailController.swift */,
				23DDB2EB215977010096E43F /* CartController.swift */,
			);
			path = Controller;
			sourceTree = "<group>";
		};
		2385175A215293E10055F4DE /* View */ = {
			isa = PBXGroup;
			children = (
				2317EFE12152C5CF0055E71E /* MenuOptionCell.swift */,
				23DDB2E021544C6E0096E43F /* ProfileOptionCell.swift */,
				2317EFEA2152DBBD0055E71E /* HomeHeader.swift */,
				2317EFE82152DB310055E71E /* ItemCell.swift */,
				23DDB2E6215580150096E43F /* ItemDetailCell.swift */,
			);
			path = View;
			sourceTree = "<group>";
		};
		2385175B215293E40055F4DE /* Model */ = {
			isa = PBXGroup;
			children = (
				23DDB2EA21592CDD0096E43F /* Enums */,
				2317EFEC2152DD4D0055E71E /* Item.swift */,
			);
			path = Model;
			sourceTree = "<group>";
		};
		2385175C215293F10055F4DE /* Utils */ = {
			isa = PBXGroup;
			children = (
				23851761215299130055F4DE /* Protocols.swift */,
				232B747921529FA8006F65A2 /* Extensions.swift */,
				23DDB2D52153F51D0096E43F /* Constants.swift */,
			);
			path = Utils;
			sourceTree = "<group>";
		};
		23DDB2EA21592CDD0096E43F /* Enums */ = {
			isa = PBXGroup;
			children = (
				2385175F215298BB0055F4DE /* MenuOptions.swift */,
				23DDB2E221544CC60096E43F /* ProfileOptions.swift */,
				23DDB2E821592BFC0096E43F /* SizeOptions.swift */,
			);
			path = Enums;
			sourceTree = "<group>";
		};
/* End PBXGroup section */

/* Begin PBXNativeTarget section */
		23851743215293A20055F4DE /* ProfoundCo */ = {
			isa = PBXNativeTarget;
			buildConfigurationList = 23851756215293A40055F4DE /* Build configuration list for PBXNativeTarget "ProfoundCo" */;
			buildPhases = (
				23851740215293A20055F4DE /* Sources */,
				23851741215293A20055F4DE /* Frameworks */,
				23851742215293A20055F4DE /* Resources */,
			);
			buildRules = (
			);
			dependencies = (
			);
			name = ProfoundCo;
			productName = ProfoundCo;
			productReference = 23851744215293A20055F4DE /* ProfoundCo.app */;
			productType = "com.apple.product-type.application";
		};
/* End PBXNativeTarget section */

/* Begin PBXProject section */
		2385173C215293A20055F4DE /* Project object */ = {
			isa = PBXProject;
			attributes = {
				LastSwiftUpdateCheck = 1000;
				LastUpgradeCheck = 1000;
				ORGANIZATIONNAME = "Stephan Dowless";
				TargetAttributes = {
					23851743215293A20055F4DE = {
						CreatedOnToolsVersion = 10.0;
					};
				};
			};
			buildConfigurationList = 2385173F215293A20055F4DE /* Build configuration list for PBXProject "ProfoundCo" */;
			compatibilityVersion = "Xcode 9.3";
			developmentRegion = en;
			hasScannedForEncodings = 0;
			knownRegions = (
				en,
				Base,
			);
			mainGroup = 2385173B215293A20055F4DE;
			productRefGroup = 23851745215293A20055F4DE /* Products */;
			projectDirPath = "";
			projectRoot = "";
			targets = (
				23851743215293A20055F4DE /* ProfoundCo */,
			);
		};
/* End PBXProject section */

/* Begin PBXResourcesBuildPhase section */
		23851742215293A20055F4DE /* Resources */ = {
			isa = PBXResourcesBuildPhase;
			buildActionMask = 2147483647;
			files = (
				23851752215293A40055F4DE /* LaunchScreen.storyboard in Resources */,
				2385174F215293A40055F4DE /* Assets.xcassets in Resources */,
				2385174D215293A20055F4DE /* Main.storyboard in Resources */,
			);
			runOnlyForDeploymentPostprocessing = 0;
		};
/* End PBXResourcesBuildPhase section */

/* Begin PBXSourcesBuildPhase section */
		23851740215293A20055F4DE /* Sources */ = {
			isa = PBXSourcesBuildPhase;
			buildActionMask = 2147483647;
			files = (
				23851748215293A20055F4DE /* AppDelegate.swift in Sources */,
				2385176421529CFD0055F4DE /* ContainerController.swift in Sources */,
				2385175E215296D70055F4DE /* HomeController.swift in Sources */,
				2317EFE92152DB310055E71E /* ItemCell.swift in Sources */,
				23851760215298BB0055F4DE /* MenuOptions.swift in Sources */,
				23DDB2D821542BCF0096E43F /* ProfileController.swift in Sources */,
				2317EFEB2152DBBD0055E71E /* HomeHeader.swift in Sources */,
				2317EFE52152D3890055E71E /* LoginController.swift in Sources */,
				23DDB2E321544CC60096E43F /* ProfileOptions.swift in Sources */,
				2317EFED2152DD4D0055E71E /* Item.swift in Sources */,
				23DDB2E7215580150096E43F /* ItemDetailCell.swift in Sources */,
				23DDB2E921592BFC0096E43F /* SizeOptions.swift in Sources */,
				2317EFE72152D3970055E71E /* SignUpController.swift in Sources */,
				232B747821529F28006F65A2 /* MenuController.swift in Sources */,
				2317EFE22152C5CF0055E71E /* MenuOptionCell.swift in Sources */,
				23DDB2E121544C6E0096E43F /* ProfileOptionCell.swift in Sources */,
				23DDB2EC215977010096E43F /* CartController.swift in Sources */,
				23DDB2D62153F51D0096E43F /* Constants.swift in Sources */,
				23DDB2E521557C3B0096E43F /* ItemDetailController.swift in Sources */,
				23851762215299130055F4DE /* Protocols.swift in Sources */,
				232B747A21529FA8006F65A2 /* Extensions.swift in Sources */,
			);
			runOnlyForDeploymentPostprocessing = 0;
		};
/* End PBXSourcesBuildPhase section */

/* Begin PBXVariantGroup section */
		2385174B215293A20055F4DE /* Main.storyboard */ = {
			isa = PBXVariantGroup;
			children = (
				2385174C215293A20055F4DE /* Base */,
			);
			name = Main.storyboard;
			sourceTree = "<group>";
		};
		23851750215293A40055F4DE /* LaunchScreen.storyboard */ = {
			isa = PBXVariantGroup;
			children = (
				23851751215293A40055F4DE /* Base */,
			);
			name = LaunchScreen.storyboard;
			sourceTree = "<group>";
		};
/* End PBXVariantGroup section */

/* Begin XCBuildConfiguration section */
		23851754215293A40055F4DE /* Debug */ = {
			isa = XCBuildConfiguration;
			buildSettings = {
				ALWAYS_SEARCH_USER_PATHS = NO;
				CLANG_ANALYZER_NONNULL = YES;
				CLANG_ANALYZER_NUMBER_OBJECT_CONVERSION = YES_AGGRESSIVE;
				CLANG_CXX_LANGUAGE_STANDARD = "gnu++14";
				CLANG_CXX_LIBRARY = "libc++";
				CLANG_ENABLE_MODULES = YES;
				CLANG_ENABLE_OBJC_ARC = YES;
				CLANG_ENABLE_OBJC_WEAK = YES;
				CLANG_WARN_BLOCK_CAPTURE_AUTORELEASING = YES;
				CLANG_WARN_BOOL_CONVERSION = YES;
				CLANG_WARN_COMMA = YES;
				CLANG_WARN_CONSTANT_CONVERSION = YES;
				CLANG_WARN_DEPRECATED_OBJC_IMPLEMENTATIONS = YES;
				CLANG_WARN_DIRECT_OBJC_ISA_USAGE = YES_ERROR;
				CLANG_WARN_DOCUMENTATION_COMMENTS = YES;
				CLANG_WARN_EMPTY_BODY = YES;
				CLANG_WARN_ENUM_CONVERSION = YES;
				CLANG_WARN_INFINITE_RECURSION = YES;
				CLANG_WARN_INT_CONVERSION = YES;
				CLANG_WARN_NON_LITERAL_NULL_CONVERSION = YES;
				CLANG_WARN_OBJC_IMPLICIT_RETAIN_SELF = YES;
				CLANG_WARN_OBJC_LITERAL_CONVERSION = YES;
				CLANG_WARN_OBJC_ROOT_CLASS = YES_ERROR;
				CLANG_WARN_RANGE_LOOP_ANALYSIS = YES;
				CLANG_WARN_STRICT_PROTOTYPES = YES;
				CLANG_WARN_SUSPICIOUS_MOVE = YES;
				CLANG_WARN_UNGUARDED_AVAILABILITY = YES_AGGRESSIVE;
				CLANG_WARN_UNREACHABLE_CODE = YES;
				CLANG_WARN__DUPLICATE_METHOD_MATCH = YES;
				CODE_SIGN_IDENTITY = "iPhone Developer";
				COPY_PHASE_STRIP = NO;
				DEBUG_INFORMATION_FORMAT = dwarf;
				ENABLE_STRICT_OBJC_MSGSEND = YES;
				ENABLE_TESTABILITY = YES;
				GCC_C_LANGUAGE_STANDARD = gnu11;
				GCC_DYNAMIC_NO_PIC = NO;
				GCC_NO_COMMON_BLOCKS = YES;
				GCC_OPTIMIZATION_LEVEL = 0;
				GCC_PREPROCESSOR_DEFINITIONS = (
					"DEBUG=1",
					"$(inherited)",
				);
				GCC_WARN_64_TO_32_BIT_CONVERSION = YES;
				GCC_WARN_ABOUT_RETURN_TYPE = YES_ERROR;
				GCC_WARN_UNDECLARED_SELECTOR = YES;
				GCC_WARN_UNINITIALIZED_AUTOS = YES_AGGRESSIVE;
				GCC_WARN_UNUSED_FUNCTION = YES;
				GCC_WARN_UNUSED_VARIABLE = YES;
				IPHONEOS_DEPLOYMENT_TARGET = 12.0;
				MTL_ENABLE_DEBUG_INFO = INCLUDE_SOURCE;
				MTL_FAST_MATH = YES;
				ONLY_ACTIVE_ARCH = YES;
				SDKROOT = iphoneos;
				SWIFT_ACTIVE_COMPILATION_CONDITIONS = DEBUG;
				SWIFT_OPTIMIZATION_LEVEL = "-Onone";
			};
			name = Debug;
		};
		23851755215293A40055F4DE /* Release */ = {
			isa = XCBuildConfiguration;
			buildSettings = {
				ALWAYS_SEARCH_USER_PATHS = NO;
				CLANG_ANALYZER_NONNULL = YES;
				CLANG_ANALYZER_NUMBER_OBJECT_CONVERSION = YES_AGGRESSIVE;
				CLANG_CXX_LANGUAGE_STANDARD = "gnu++14";
				CLANG_CXX_LIBRARY = "libc++";
				CLANG_ENABLE_MODULES = YES;
				CLANG_ENABLE_OBJC_ARC = YES;
				CLANG_ENABLE_OBJC_WEAK = YES;
				CLANG_WARN_BLOCK_CAPTURE_AUTORELEASING = YES;
				CLANG_WARN_BOOL_CONVERSION = YES;
				CLANG_WARN_COMMA = YES;
				CLANG_WARN_CONSTANT_CONVERSION = YES;
				CLANG_WARN_DEPRECATED_OBJC_IMPLEMENTATIONS = YES;
				CLANG_WARN_DIRECT_OBJC_ISA_USAGE = YES_ERROR;
				CLANG_WARN_DOCUMENTATION_COMMENTS = YES;
				CLANG_WARN_EMPTY_BODY = YES;
				CLANG_WARN_ENUM_CONVERSION = YES;
				CLANG_WARN_INFINITE_RECURSION = YES;
				CLANG_WARN_INT_CONVERSION = YES;
				CLANG_WARN_NON_LITERAL_NULL_CONVERSION = YES;
				CLANG_WARN_OBJC_IMPLICIT_RETAIN_SELF = YES;
				CLANG_WARN_OBJC_LITERAL_CONVERSION = YES;
				CLANG_WARN_OBJC_ROOT_CLASS = YES_ERROR;
				CLANG_WARN_RANGE_LOOP_ANALYSIS = YES;
				CLANG_WARN_STRICT_PROTOTYPES = YES;
				CLANG_WARN_SUSPICIOUS_MOVE = YES;
				CLANG_WARN_UNGUARDED_AVAILABILITY = YES_AGGRESSIVE;
				CLANG_WARN_UNREACHABLE_CODE = YES;
				CLANG_WARN__DUPLICATE_METHOD_MATCH = YES;
				CODE_SIGN_IDENTITY = "iPhone Developer";
				COPY_PHASE_STRIP = NO;
				DEBUG_INFORMATION_FORMAT = "dwarf-with-dsym";
				ENABLE_NS_ASSERTIONS = NO;
				ENABLE_STRICT_OBJC_MSGSEND = YES;
				GCC_C_LANGUAGE_STANDARD = gnu11;
				GCC_NO_COMMON_BLOCKS = YES;
				GCC_WARN_64_TO_32_BIT_CONVERSION = YES;
				GCC_WARN_ABOUT_RETURN_TYPE = YES_ERROR;
				GCC_WARN_UNDECLARED_SELECTOR = YES;
				GCC_WARN_UNINITIALIZED_AUTOS = YES_AGGRESSIVE;
				GCC_WARN_UNUSED_FUNCTION = YES;
				GCC_WARN_UNUSED_VARIABLE = YES;
				IPHONEOS_DEPLOYMENT_TARGET = 12.0;
				MTL_ENABLE_DEBUG_INFO = NO;
				MTL_FAST_MATH = YES;
				SDKROOT = iphoneos;
				SWIFT_COMPILATION_MODE = wholemodule;
				SWIFT_OPTIMIZATION_LEVEL = "-O";
				VALIDATE_PRODUCT = YES;
			};
			name = Release;
		};
		23851757215293A40055F4DE /* Debug */ = {
			isa = XCBuildConfiguration;
			buildSettings = {
				ASSETCATALOG_COMPILER_APPICON_NAME = AppIcon;
				CODE_SIGN_STYLE = Automatic;
				DEVELOPMENT_TEAM = LF78THV97C;
				INFOPLIST_FILE = ProfoundCo/Info.plist;
				LD_RUNPATH_SEARCH_PATHS = (
					"$(inherited)",
					"@executable_path/Frameworks",
				);
				PRODUCT_BUNDLE_IDENTIFIER = com.stephandowless.ProfoundCo;
				PRODUCT_NAME = "$(TARGET_NAME)";
				SWIFT_VERSION = 4.2;
				TARGETED_DEVICE_FAMILY = "1,2";
			};
			name = Debug;
		};
		23851758215293A40055F4DE /* Release */ = {
			isa = XCBuildConfiguration;
			buildSettings = {
				ASSETCATALOG_COMPILER_APPICON_NAME = AppIcon;
				CODE_SIGN_STYLE = Automatic;
				DEVELOPMENT_TEAM = LF78THV97C;
				INFOPLIST_FILE = ProfoundCo/Info.plist;
				LD_RUNPATH_SEARCH_PATHS = (
					"$(inherited)",
					"@executable_path/Frameworks",
				);
				PRODUCT_BUNDLE_IDENTIFIER = com.stephandowless.ProfoundCo;
				PRODUCT_NAME = "$(TARGET_NAME)";
				SWIFT_VERSION = 4.2;
				TARGETED_DEVICE_FAMILY = "1,2";
			};
			name = Release;
		};
/* End XCBuildConfiguration section */

/* Begin XCConfigurationList section */
		2385173F215293A20055F4DE /* Build configuration list for PBXProject "ProfoundCo" */ = {
			isa = XCConfigurationList;
			buildConfigurations = (
				23851754215293A40055F4DE /* Debug */,
				23851755215293A40055F4DE /* Release */,
			);
			defaultConfigurationIsVisible = 0;
			defaultConfigurationName = Release;
		};
		23851756215293A40055F4DE /* Build configuration list for PBXNativeTarget "ProfoundCo" */ = {
			isa = XCConfigurationList;
			buildConfigurations = (
				23851757215293A40055F4DE /* Debug */,
				23851758215293A40055F4DE /* Release */,
			);
			defaultConfigurationIsVisible = 0;
			defaultConfigurationName = Release;
		};
/* End XCConfigurationList section */
	};
	rootObject = 2385173C215293A20055F4DE /* Project object */;
}
